
Microsoft Visual Studio Solution File, Format Version 12.00
# Visual Studio Version 17
VisualStudioVersion = 17.5.002.0
MinimumVisualStudioVersion = 10.0.40219.1
Project("{2150E333-8FDC-42A3-9474-1A3956D46DE8}") = "shay-jones-p2", "shay-jones-p2", "{D6C14757-6D87-4E64-B3F3-91FAA71F83C7}"
EndProject
Project("{9A19103F-16F7-4668-BE54-9A1E7A4F7556}") = "Backend", "shay-jones-p2\Backend\Backend.csproj", "{7DD41FB7-0D0A-436B-B76B-17FD86637424}"
EndProject
Global
	GlobalSection(SolutionConfigurationPlatforms) = preSolution
		Debug|Any CPU = Debug|Any CPU
		Release|Any CPU = Release|Any CPU
	EndGlobalSection
	GlobalSection(ProjectConfigurationPlatforms) = postSolution
		{7DD41FB7-0D0A-436B-B76B-17FD86637424}.Debug|Any CPU.ActiveCfg = Debug|Any CPU
		{7DD41FB7-0D0A-436B-B76B-17FD86637424}.Debug|Any CPU.Build.0 = Debug|Any CPU
		{7DD41FB7-0D0A-436B-B76B-17FD86637424}.Release|Any CPU.ActiveCfg = Release|Any CPU
		{7DD41FB7-0D0A-436B-B76B-17FD86637424}.Release|Any CPU.Build.0 = Release|Any CPU
	EndGlobalSection
	GlobalSection(SolutionProperties) = preSolution
		HideSolutionNode = FALSE
	EndGlobalSection
	GlobalSection(NestedProjects) = preSolution
		{7DD41FB7-0D0A-436B-B76B-17FD86637424} = {D6C14757-6D87-4E64-B3F3-91FAA71F83C7}
	EndGlobalSection
	GlobalSection(ExtensibilityGlobals) = postSolution
		SolutionGuid = {86C7C8FE-9748-436F-9D0C-C0A3D0978D49}
	EndGlobalSection
EndGlobal
